
Microsoft Visual Studio Solution File, Format Version 12.00
# Visual Studio Version 17
VisualStudioVersion = 17.0.32014.148
MinimumVisualStudioVersion = 10.0.40219.1
Project("{8BC9CEB8-8B4A-11D0-8D11-00A0C91BC942}") = "PR12.1.C", "PR12.1.C\PR12.1.C.vcxproj", "{8FADA5FD-41C2-4505-BF12-471560672086}"
EndProject
Project("{8BC9CEB8-8B4A-11D0-8D11-00A0C91BC942}") = "UnitTest12.1.C", "UnitTest12.1.C\UnitTest12.1.C.vcxproj", "{28DCC652-7F74-4475-A49B-73602670D16B}"
EndProject
Global
	GlobalSection(SolutionConfigurationPlatforms) = preSolution
		Debug|x64 = Debug|x64
		Debug|x86 = Debug|x86
		Release|x64 = Release|x64
		Release|x86 = Release|x86
	EndGlobalSection
	GlobalSection(ProjectConfigurationPlatforms) = postSolution
		{8FADA5FD-41C2-4505-BF12-471560672086}.Debug|x64.ActiveCfg = Debug|x64
		{8FADA5FD-41C2-4505-BF12-471560672086}.Debug|x64.Build.0 = Debug|x64
		{8FADA5FD-41C2-4505-BF12-471560672086}.Debug|x86.ActiveCfg = Debug|Win32
		{8FADA5FD-41C2-4505-BF12-471560672086}.Debug|x86.Build.0 = Debug|Win32
		{8FADA5FD-41C2-4505-BF12-471560672086}.Release|x64.ActiveCfg = Release|x64
		{8FADA5FD-41C2-4505-BF12-471560672086}.Release|x64.Build.0 = Release|x64
		{8FADA5FD-41C2-4505-BF12-471560672086}.Release|x86.ActiveCfg = Release|Win32
		{8FADA5FD-41C2-4505-BF12-471560672086}.Release|x86.Build.0 = Release|Win32
		{28DCC652-7F74-4475-A49B-73602670D16B}.Debug|x64.ActiveCfg = Debug|x64
		{28DCC652-7F74-4475-A49B-73602670D16B}.Debug|x64.Build.0 = Debug|x64
		{28DCC652-7F74-4475-A49B-73602670D16B}.Debug|x86.ActiveCfg = Debug|Win32
		{28DCC652-7F74-4475-A49B-73602670D16B}.Debug|x86.Build.0 = Debug|Win32
		{28DCC652-7F74-4475-A49B-73602670D16B}.Release|x64.ActiveCfg = Release|x64
		{28DCC652-7F74-4475-A49B-73602670D16B}.Release|x64.Build.0 = Release|x64
		{28DCC652-7F74-4475-A49B-73602670D16B}.Release|x86.ActiveCfg = Release|Win32
		{28DCC652-7F74-4475-A49B-73602670D16B}.Release|x86.Build.0 = Release|Win32
	EndGlobalSection
	GlobalSection(SolutionProperties) = preSolution
		HideSolutionNode = FALSE
	EndGlobalSection
	GlobalSection(ExtensibilityGlobals) = postSolution
		SolutionGuid = {E90EA67B-CFA9-4D67-811B-889EFC612F46}
	EndGlobalSection
EndGlobal
